langcode: en
status: true
dependencies:
  config:
    - fixed_block_content.fixed_block_content.system_status_fixed_block
  module:
    - fixed_block_content
  theme:
    - umd_terp
id: systemstatusfixedblock
theme: umd_terp
region: main_menu
weight: 0
provider: null
plugin: 'fixed_block_content:system_status_fixed_block'
settings:
  id: 'fixed_block_content:system_status_fixed_block'
  label: 'System Status Fixed Block'
  provider: fixed_block_content
  label_display: visible
  view_mode: ''
visibility: {  }
